
Microsoft Visual Studio Solution File, Format Version 12.00
# Visual Studio Version 17
VisualStudioVersion = 17.5.33530.505
MinimumVisualStudioVersion = 10.0.40219.1
Project("{FAE04EC0-301F-11D3-BF4B-00C04F79EFBC}") = "JokesWebApp", "JokesWebApp\JokesWebApp.csproj", "{6C9A17BC-6C94-4D1F-AF3C-C7E4724E75D2}"
EndProject
Global
	GlobalSection(SolutionConfigurationPlatforms) = preSolution
		Debug|Any CPU = Debug|Any CPU
		Release|Any CPU = Release|Any CPU
	EndGlobalSection
	GlobalSection(ProjectConfigurationPlatforms) = postSolution
		{6C9A17BC-6C94-4D1F-AF3C-C7E4724E75D2}.Debug|Any CPU.ActiveCfg = Debug|Any CPU
		{6C9A17BC-6C94-4D1F-AF3C-C7E4724E75D2}.Debug|Any CPU.Build.0 = Debug|Any CPU
		{6C9A17BC-6C94-4D1F-AF3C-C7E4724E75D2}.Release|Any CPU.ActiveCfg = Release|Any CPU
		{6C9A17BC-6C94-4D1F-AF3C-C7E4724E75D2}.Release|Any CPU.Build.0 = Release|Any CPU
	EndGlobalSection
	GlobalSection(SolutionProperties) = preSolution
		HideSolutionNode = FALSE
	EndGlobalSection
	GlobalSection(ExtensibilityGlobals) = postSolution
		SolutionGuid = {63B9D4EF-542F-4FC4-9449-12ED41616EAB}
	EndGlobalSection
EndGlobal
